
Microsoft Visual Studio Solution File, Format Version 12.00
# Visual Studio Version 17
VisualStudioVersion = 17.13.35931.197 d17.13
MinimumVisualStudioVersion = 10.0.40219.1
Project("{FAE04EC0-301F-11D3-BF4B-00C04F79EFBC}") = "commandos", "commandos.csproj", "{A2E7A1CC-12CF-4718-8222-412089A09041}"
EndProject
Global
	GlobalSection(SolutionConfigurationPlatforms) = preSolution
		Debug|Any CPU = Debug|Any CPU
		Release|Any CPU = Release|Any CPU
	EndGlobalSection
	GlobalSection(ProjectConfigurationPlatforms) = postSolution
		{A2E7A1CC-12CF-4718-8222-412089A09041}.Debug|Any CPU.ActiveCfg = Debug|Any CPU
		{A2E7A1CC-12CF-4718-8222-412089A09041}.Debug|Any CPU.Build.0 = Debug|Any CPU
		{A2E7A1CC-12CF-4718-8222-412089A09041}.Release|Any CPU.ActiveCfg = Release|Any CPU
		{A2E7A1CC-12CF-4718-8222-412089A09041}.Release|Any CPU.Build.0 = Release|Any CPU
	EndGlobalSection
	GlobalSection(SolutionProperties) = preSolution
		HideSolutionNode = FALSE
	EndGlobalSection
	GlobalSection(ExtensibilityGlobals) = postSolution
		SolutionGuid = {90F059CB-E655-44E2-9B89-C242E5F37948}
	EndGlobalSection
EndGlobal
